
Microsoft Visual Studio Solution File, Format Version 12.00
# Visual Studio 15
VisualStudioVersion = 15.0.27130.2027
MinimumVisualStudioVersion = 10.0.40219.1
Project("{9A19103F-16F7-4668-BE54-9A1E7A4F7556}") = "MatcHWebMVCC", "MatcHWebMVC\MatcHWebMVC\MatcHWebMVCC.csproj", "{DB48422C-31EF-443C-A9D7-0DB5B2F5840D}"
	ProjectSection(ProjectDependencies) = postProject
		{A8DDEC4A-4880-4223-9539-AC00AA54ACCD} = {A8DDEC4A-4880-4223-9539-AC00AA54ACCD}
	EndProjectSection
EndProject
Project("{9A19103F-16F7-4668-BE54-9A1E7A4F7556}") = "MatcHDAL2Core", "DataAccess\MatcHDAL2Core.csproj", "{C1CD5302-89DA-43A4-B724-21D05FB75371}"
	ProjectSection(ProjectDependencies) = postProject
		{A8DDEC4A-4880-4223-9539-AC00AA54ACCD} = {A8DDEC4A-4880-4223-9539-AC00AA54ACCD}
	EndProjectSection
EndProject
Project("{FAE04EC0-301F-11D3-BF4B-00C04F79EFBC}") = "MatcHWeb", "MatcHWeb\MatcHWeb.csproj", "{81307103-9B03-44EC-A4C4-304E76B4E4AA}"
EndProject
Project("{9A19103F-16F7-4668-BE54-9A1E7A4F7556}") = "MatchLogin", "MatchLogin\MatchLogin.csproj", "{A8DDEC4A-4880-4223-9539-AC00AA54ACCD}"
EndProject
Global
	GlobalSection(SolutionConfigurationPlatforms) = preSolution
		Debug|Any CPU = Debug|Any CPU
		Release|Any CPU = Release|Any CPU
	EndGlobalSection
	GlobalSection(ProjectConfigurationPlatforms) = postSolution
		{DB48422C-31EF-443C-A9D7-0DB5B2F5840D}.Debug|Any CPU.ActiveCfg = Debug|Any CPU
		{DB48422C-31EF-443C-A9D7-0DB5B2F5840D}.Debug|Any CPU.Build.0 = Debug|Any CPU
		{DB48422C-31EF-443C-A9D7-0DB5B2F5840D}.Release|Any CPU.ActiveCfg = Release|Any CPU
		{DB48422C-31EF-443C-A9D7-0DB5B2F5840D}.Release|Any CPU.Build.0 = Release|Any CPU
		{C1CD5302-89DA-43A4-B724-21D05FB75371}.Debug|Any CPU.ActiveCfg = Debug|Any CPU
		{C1CD5302-89DA-43A4-B724-21D05FB75371}.Debug|Any CPU.Build.0 = Debug|Any CPU
		{C1CD5302-89DA-43A4-B724-21D05FB75371}.Release|Any CPU.ActiveCfg = Release|Any CPU
		{C1CD5302-89DA-43A4-B724-21D05FB75371}.Release|Any CPU.Build.0 = Release|Any CPU
		{81307103-9B03-44EC-A4C4-304E76B4E4AA}.Debug|Any CPU.ActiveCfg = Debug|Any CPU
		{81307103-9B03-44EC-A4C4-304E76B4E4AA}.Debug|Any CPU.Build.0 = Debug|Any CPU
		{81307103-9B03-44EC-A4C4-304E76B4E4AA}.Release|Any CPU.ActiveCfg = Release|Any CPU
		{81307103-9B03-44EC-A4C4-304E76B4E4AA}.Release|Any CPU.Build.0 = Release|Any CPU
		{A8DDEC4A-4880-4223-9539-AC00AA54ACCD}.Debug|Any CPU.ActiveCfg = Debug|Any CPU
		{A8DDEC4A-4880-4223-9539-AC00AA54ACCD}.Debug|Any CPU.Build.0 = Debug|Any CPU
		{A8DDEC4A-4880-4223-9539-AC00AA54ACCD}.Release|Any CPU.ActiveCfg = Release|Any CPU
		{A8DDEC4A-4880-4223-9539-AC00AA54ACCD}.Release|Any CPU.Build.0 = Release|Any CPU
	EndGlobalSection
	GlobalSection(SolutionProperties) = preSolution
		HideSolutionNode = FALSE
	EndGlobalSection
	GlobalSection(ExtensibilityGlobals) = postSolution
		SolutionGuid = {2A7F0A3A-79BD-4BC5-AA21-B92BAE9F547B}
	EndGlobalSection
EndGlobal
